
Microsoft Visual Studio Solution File, Format Version 12.00
# Visual Studio 14
VisualStudioVersion = 14.0.25420.1
MinimumVisualStudioVersion = 10.0.40219.1
Project("{FAE04EC0-301F-11D3-BF4B-00C04F79EFBC}") = "Tydbits.LruCache", "Tydbits.LruCache\Tydbits.LruCache.csproj", "{078AD27E-F3F9-4600-8D27-61B611CFE375}"
EndProject
Project("{FAE04EC0-301F-11D3-BF4B-00C04F79EFBC}") = "Tydbits.LruCache.Tests", "Tydbits.LruCache.Tests\Tydbits.LruCache.Tests.csproj", "{715786EA-DDF2-4DFA-9997-6DCF48FF651D}"
EndProject
Project("{2150E333-8FDC-42A3-9474-1A3956D46DE8}") = "Solution Items", "Solution Items", "{00F026DE-6B04-40CD-9B26-8F22FE42FEEA}"
	ProjectSection(SolutionItems) = preProject
		README.md = README.md
		.gitignore = .gitignore
	EndProjectSection
EndProject
Global
	GlobalSection(SolutionConfigurationPlatforms) = preSolution
		Debug|Any CPU = Debug|Any CPU
		Release|Any CPU = Release|Any CPU
	EndGlobalSection
	GlobalSection(ProjectConfigurationPlatforms) = postSolution
		{078AD27E-F3F9-4600-8D27-61B611CFE375}.Debug|Any CPU.ActiveCfg = Debug|Any CPU
		{078AD27E-F3F9-4600-8D27-61B611CFE375}.Debug|Any CPU.Build.0 = Debug|Any CPU
		{078AD27E-F3F9-4600-8D27-61B611CFE375}.Release|Any CPU.ActiveCfg = Release|Any CPU
		{078AD27E-F3F9-4600-8D27-61B611CFE375}.Release|Any CPU.Build.0 = Release|Any CPU
		{715786EA-DDF2-4DFA-9997-6DCF48FF651D}.Debug|Any CPU.ActiveCfg = Debug|Any CPU
		{715786EA-DDF2-4DFA-9997-6DCF48FF651D}.Debug|Any CPU.Build.0 = Debug|Any CPU
		{715786EA-DDF2-4DFA-9997-6DCF48FF651D}.Release|Any CPU.ActiveCfg = Release|Any CPU
		{715786EA-DDF2-4DFA-9997-6DCF48FF651D}.Release|Any CPU.Build.0 = Release|Any CPU
	EndGlobalSection
	GlobalSection(SolutionProperties) = preSolution
		HideSolutionNode = FALSE
	EndGlobalSection
EndGlobal
